
Microsoft Visual Studio Solution File, Format Version 12.00
# Visual Studio 15
VisualStudioVersion = 15.0.28307.271
MinimumVisualStudioVersion = 10.0.40219.1
Project("{FAE04EC0-301F-11D3-BF4B-00C04F79EFBC}") = "Programa", "Programa\Programa.csproj", "{48E956C1-A36A-42C4-89D3-2685B136EC15}"
EndProject
Global
	GlobalSection(SolutionConfigurationPlatforms) = preSolution
		Debug|Any CPU = Debug|Any CPU
		Release|Any CPU = Release|Any CPU
	EndGlobalSection
	GlobalSection(ProjectConfigurationPlatforms) = postSolution
		{48E956C1-A36A-42C4-89D3-2685B136EC15}.Debug|Any CPU.ActiveCfg = Debug|Any CPU
		{48E956C1-A36A-42C4-89D3-2685B136EC15}.Debug|Any CPU.Build.0 = Debug|Any CPU
		{48E956C1-A36A-42C4-89D3-2685B136EC15}.Release|Any CPU.ActiveCfg = Release|Any CPU
		{48E956C1-A36A-42C4-89D3-2685B136EC15}.Release|Any CPU.Build.0 = Release|Any CPU
	EndGlobalSection
	GlobalSection(SolutionProperties) = preSolution
		HideSolutionNode = FALSE
	EndGlobalSection
	GlobalSection(ExtensibilityGlobals) = postSolution
		SolutionGuid = {2F39BFCD-2F73-4675-85B6-F192A1CED998}
	EndGlobalSection
EndGlobal
